
Microsoft Visual Studio Solution File, Format Version 12.00
# Visual Studio Version 17
VisualStudioVersion = 17.4.33103.184
MinimumVisualStudioVersion = 10.0.40219.1
Project("{9A19103F-16F7-4668-BE54-9A1E7A4F7556}") = "HtmlRenderer", "HtmlRenderer\HtmlRenderer.csproj", "{7A326FB6-59F4-4F1F-AFD5-EDAD366279E8}"
EndProject
Project("{9A19103F-16F7-4668-BE54-9A1E7A4F7556}") = "HtmlRenderer.PdfSharp", "HtmlRenderer.PdfSharp\HtmlRenderer.PdfSharp.csproj", "{66BE4122-1CD2-41DA-851C-B7B8BE24E654}"
EndProject
Project("{2150E333-8FDC-42A3-9474-1A3956D46DE8}") = "Demo", "Demo", "{4543AA0E-175D-48C3-BDC7-3FE50074E746}"
EndProject
Project("{2150E333-8FDC-42A3-9474-1A3956D46DE8}") = ".nuget", ".nuget", "{37056205-6E69-47FB-81F4-838ECE8ADF2D}"
EndProject
Project("{9A19103F-16F7-4668-BE54-9A1E7A4F7556}") = "HtmlRenderer.Demo.Common", "Demo\Common\HtmlRenderer.Demo.Common.csproj", "{B1848E91-E202-4C59-99D7-92BCDACE3727}"
EndProject
Project("{FAE04EC0-301F-11D3-BF4B-00C04F79EFBC}") = "HtmlRenderer.WinForms", "HtmlRenderer.WinForms\HtmlRenderer.WinForms.csproj", "{D1C2DAAC-300C-4EED-84EE-70AC354EF64B}"
EndProject
Project("{FAE04EC0-301F-11D3-BF4B-00C04F79EFBC}") = "HtmlRenderer.WPF", "HtmlRenderer.WPF\HtmlRenderer.WPF.csproj", "{20676319-7E65-4898-ADF7-2BDB8B044CE3}"
EndProject
Project("{FAE04EC0-301F-11D3-BF4B-00C04F79EFBC}") = "HtmlRenderer.Demo.WinForms", "Demo\WinForms\HtmlRenderer.Demo.WinForms.csproj", "{17BFDFF1-F509-4779-B84F-BB56F55544ED}"
EndProject
Project("{FAE04EC0-301F-11D3-BF4B-00C04F79EFBC}") = "HtmlRenderer.Demo.WPF", "Demo\WPF\HtmlRenderer.Demo.WPF.csproj", "{5E697219-6D6A-4069-838C-6C0CD34B6B61}"
EndProject
Global
	GlobalSection(SolutionConfigurationPlatforms) = preSolution
		Debug|Any CPU = Debug|Any CPU
		Release|Any CPU = Release|Any CPU
	EndGlobalSection
	GlobalSection(ProjectConfigurationPlatforms) = postSolution
		{7A326FB6-59F4-4F1F-AFD5-EDAD366279E8}.Debug|Any CPU.ActiveCfg = Debug|Any CPU
		{7A326FB6-59F4-4F1F-AFD5-EDAD366279E8}.Debug|Any CPU.Build.0 = Debug|Any CPU
		{7A326FB6-59F4-4F1F-AFD5-EDAD366279E8}.Release|Any CPU.ActiveCfg = Release|Any CPU
		{7A326FB6-59F4-4F1F-AFD5-EDAD366279E8}.Release|Any CPU.Build.0 = Release|Any CPU
		{66BE4122-1CD2-41DA-851C-B7B8BE24E654}.Debug|Any CPU.ActiveCfg = Debug|Any CPU
		{66BE4122-1CD2-41DA-851C-B7B8BE24E654}.Debug|Any CPU.Build.0 = Debug|Any CPU
		{66BE4122-1CD2-41DA-851C-B7B8BE24E654}.Release|Any CPU.ActiveCfg = Release|Any CPU
		{66BE4122-1CD2-41DA-851C-B7B8BE24E654}.Release|Any CPU.Build.0 = Release|Any CPU
		{B1848E91-E202-4C59-99D7-92BCDACE3727}.Debug|Any CPU.ActiveCfg = Debug|Any CPU
		{B1848E91-E202-4C59-99D7-92BCDACE3727}.Debug|Any CPU.Build.0 = Debug|Any CPU
		{B1848E91-E202-4C59-99D7-92BCDACE3727}.Release|Any CPU.ActiveCfg = Release|Any CPU
		{B1848E91-E202-4C59-99D7-92BCDACE3727}.Release|Any CPU.Build.0 = Release|Any CPU
		{D1C2DAAC-300C-4EED-84EE-70AC354EF64B}.Debug|Any CPU.ActiveCfg = Debug|Any CPU
		{D1C2DAAC-300C-4EED-84EE-70AC354EF64B}.Debug|Any CPU.Build.0 = Debug|Any CPU
		{D1C2DAAC-300C-4EED-84EE-70AC354EF64B}.Release|Any CPU.ActiveCfg = Release|Any CPU
		{D1C2DAAC-300C-4EED-84EE-70AC354EF64B}.Release|Any CPU.Build.0 = Release|Any CPU
		{20676319-7E65-4898-ADF7-2BDB8B044CE3}.Debug|Any CPU.ActiveCfg = Debug|Any CPU
		{20676319-7E65-4898-ADF7-2BDB8B044CE3}.Debug|Any CPU.Build.0 = Debug|Any CPU
		{20676319-7E65-4898-ADF7-2BDB8B044CE3}.Release|Any CPU.ActiveCfg = Release|Any CPU
		{20676319-7E65-4898-ADF7-2BDB8B044CE3}.Release|Any CPU.Build.0 = Release|Any CPU
		{17BFDFF1-F509-4779-B84F-BB56F55544ED}.Debug|Any CPU.ActiveCfg = Debug|Any CPU
		{17BFDFF1-F509-4779-B84F-BB56F55544ED}.Debug|Any CPU.Build.0 = Debug|Any CPU
		{17BFDFF1-F509-4779-B84F-BB56F55544ED}.Release|Any CPU.ActiveCfg = Release|Any CPU
		{17BFDFF1-F509-4779-B84F-BB56F55544ED}.Release|Any CPU.Build.0 = Release|Any CPU
		{5E697219-6D6A-4069-838C-6C0CD34B6B61}.Debug|Any CPU.ActiveCfg = Debug|Any CPU
		{5E697219-6D6A-4069-838C-6C0CD34B6B61}.Debug|Any CPU.Build.0 = Debug|Any CPU
		{5E697219-6D6A-4069-838C-6C0CD34B6B61}.Release|Any CPU.ActiveCfg = Release|Any CPU
		{5E697219-6D6A-4069-838C-6C0CD34B6B61}.Release|Any CPU.Build.0 = Release|Any CPU
	EndGlobalSection
	GlobalSection(SolutionProperties) = preSolution
		HideSolutionNode = FALSE
	EndGlobalSection
	GlobalSection(NestedProjects) = preSolution
		{B1848E91-E202-4C59-99D7-92BCDACE3727} = {4543AA0E-175D-48C3-BDC7-3FE50074E746}
		{17BFDFF1-F509-4779-B84F-BB56F55544ED} = {4543AA0E-175D-48C3-BDC7-3FE50074E746}
		{5E697219-6D6A-4069-838C-6C0CD34B6B61} = {4543AA0E-175D-48C3-BDC7-3FE50074E746}
	EndGlobalSection
	GlobalSection(ExtensibilityGlobals) = postSolution
		SolutionGuid = {D2CA82A9-3999-4F86-8D01-5353AEE8C447}
	EndGlobalSection
EndGlobal
